{
  "version": "4",
  "specifiers": {
    "jsr:@hono/hono@4": "4.7.4",
    "npm:zod@3": "3.24.4"
  },
  "jsr": {
    "@hono/hono@4.7.4": {
      "integrity": "c03c9cbe0fbfc4e51f3fee6502a7903aa4f9ef7c2c98635607b15eee14258825"
    }
  },
  "npm": {
    "zod@3.24.4": {
      "integrity": "sha512-OdqJE9UDRPwWsrHjLN2F8bPxvwJBK22EHLWtanu0LSYr5YqzsaaW3RMgmjwr8Rypg5k+meEJdSPXJZXE/yqOMg=="
    }
  },
  "workspace": {
    "dependencies": [
      "jsr:@hono/hono@4",
      "jsr:@std/assert@1",
      "npm:zod@3"
    ]
  }
}
